// !$*UTF8*$!
{
	archiveVersion = 1;
	classes = {
	};
	objectVersion = 46;
	objects = {

/* Begin PBXBuildFile section */
		F2C474431CEEBD9E00C5DAE7 /* AppDelegate.swift in Sources */ = {isa = PBXBuildFile; fileRef = F2C474421CEEBD9E00C5DAE7 /* AppDelegate.swift */; };
		F2C474451CEEBD9E00C5DAE7 /* ViewController.swift in Sources */ = {isa = PBXBuildFile; fileRef = F2C474441CEEBD9E00C5DAE7 /* ViewController.swift */; };
		F2C474481CEEBD9E00C5DAE7 /* Main.storyboard in Resources */ = {isa = PBXBuildFile; fileRef = F2C474461CEEBD9E00C5DAE7 /* Main.storyboard */; };
		F2C4744A1CEEBD9E00C5DAE7 /* Assets.xcassets in Resources */ = {isa = PBXBuildFile; fileRef = F2C474491CEEBD9E00C5DAE7 /* Assets.xcassets */; };
		F2C4744D1CEEBD9E00C5DAE7 /* LaunchScreen.storyboard in Resources */ = {isa = PBXBuildFile; fileRef = F2C4744B1CEEBD9E00C5DAE7 /* LaunchScreen.storyboard */; };
/* End PBXBuildFile section */

/* Begin PBXFileReference section */
		F2C4743F1CEEBD9E00C5DAE7 /* ClienteOpenLibrary.app */ = {isa = PBXFileReference; explicitFileType = wrapper.application; includeInIndex = 0; path = ClienteOpenLibrary.app; sourceTree = BUILT_PRODUCTS_DIR; };
		F2C474421CEEBD9E00C5DAE7 /* AppDelegate.swift */ = {isa = PBXFileReference; lastKnownFileType = sourcecode.swift; path = AppDelegate.swift; sourceTree = "<group>"; };
		F2C474441CEEBD9E00C5DAE7 /* ViewController.swift */ = {isa = PBXFileReference; lastKnownFileType = sourcecode.swift; path = ViewController.swift; sourceTree = "<group>"; };
		F2C474471CEEBD9E00C5DAE7 /* Base */ = {isa = PBXFileReference; lastKnownFileType = file.storyboard; name = Base; path = Base.lproj/Main.storyboard; sourceTree = "<group>"; };
		F2C474491CEEBD9E00C5DAE7 /* Assets.xcassets */ = {isa = PBXFileReference; lastKnownFileType = folder.assetcatalog; path = Assets.xcassets; sourceTree = "<group>"; };
		F2C4744C1CEEBD9E00C5DAE7 /* Base */ = {isa = PBXFileReference; lastKnownFileType = file.storyboard; name = Base; path = Base.lproj/LaunchScreen.storyboard; sourceTree = "<group>"; };
		F2C4744E1CEEBD9E00C5DAE7 /* Info.plist */ = {isa = PBXFileReference; lastKnownFileType = text.plist.xml; path = Info.plist; sourceTree = "<group>"; };
/* End PBXFileReference section */

/* Begin PBXFrameworksBuildPhase section */
		F2C4743C1CEEBD9E00C5DAE7 /* Frameworks */ = {
			isa = PBXFrameworksBuildPhase;
			buildActionMask = 2147483647;
			files = (
			);
			runOnlyForDeploymentPostprocessing = 0;
		};
/* End PBXFrameworksBuildPhase section */

/* Begin PBXGroup section */
		F2C474361CEEBD9E00C5DAE7 = {
			isa = PBXGroup;
			children = (
				F2C474411CEEBD9E00C5DAE7 /* ClienteOpenLibrary */,
				F2C474401CEEBD9E00C5DAE7 /* Products */,
			);
			sourceTree = "<group>";
		};
		F2C474401CEEBD9E00C5DAE7 /* Products */ = {
			isa = PBXGroup;
			children = (
				F2C4743F1CEEBD9E00C5DAE7 /* ClienteOpenLibrary.app */,
			);
			name = Products;
			sourceTree = "<group>";
		};
		F2C474411CEEBD9E00C5DAE7 /* ClienteOpenLibrary */ = {
			isa = PBXGroup;
			children = (
				F2C474421CEEBD9E00C5DAE7 /* AppDelegate.swift */,
				F2C474441CEEBD9E00C5DAE7 /* ViewController.swift */,
				F2C474461CEEBD9E00C5DAE7 /* Main.storyboard */,
				F2C474491CEEBD9E00C5DAE7 /* Assets.xcassets */,
				F2C4744B1CEEBD9E00C5DAE7 /* LaunchScreen.storyboard */,
				F2C4744E1CEEBD9E00C5DAE7 /* Info.plist */,
			);
			path = ClienteOpenLibrary;
			sourceTree = "<group>";
		};
/* End PBXGroup section */

/* Begin PBXNativeTarget section */
		F2C4743E1CEEBD9E00C5DAE7 /* ClienteOpenLibrary */ = {
			isa = PBXNativeTarget;
			buildConfigurationList = F2C474511CEEBD9E00C5DAE7 /* Build configuration list for PBXNativeTarget "ClienteOpenLibrary" */;
			buildPhases = (
				F2C4743B1CEEBD9E00C5DAE7 /* Sources */,
				F2C4743C1CEEBD9E00C5DAE7 /* Frameworks */,
				F2C4743D1CEEBD9E00C5DAE7 /* Resources */,
			);
			buildRules = (
			);
			dependencies = (
			);
			name = ClienteOpenLibrary;
			productName = ClienteOpenLibrary;
			productReference = F2C4743F1CEEBD9E00C5DAE7 /* ClienteOpenLibrary.app */;
			productType = "com.apple.product-type.application";
		};
/* End PBXNativeTarget section */

/* Begin PBXProject section */
		F2C474371CEEBD9E00C5DAE7 /* Project object */ = {
			isa = PBXProject;
			attributes = {
				LastSwiftUpdateCheck = 0730;
				LastUpgradeCheck = 0730;
				ORGANIZATIONNAME = hackitjunior;
				TargetAttributes = {
					F2C4743E1CEEBD9E00C5DAE7 = {
						CreatedOnToolsVersion = 7.3.1;
					};
				};
			};
			buildConfigurationList = F2C4743A1CEEBD9E00C5DAE7 /* Build configuration list for PBXProject "ClienteOpenLibrary" */;
			compatibilityVersion = "Xcode 3.2";
			developmentRegion = English;
			hasScannedForEncodings = 0;
			knownRegions = (
				en,
				Base,
			);
			mainGroup = F2C474361CEEBD9E00C5DAE7;
			productRefGroup = F2C474401CEEBD9E00C5DAE7 /* Products */;
			projectDirPath = "";
			projectRoot = "";
			targets = (
				F2C4743E1CEEBD9E00C5DAE7 /* ClienteOpenLibrary */,
			);
		};
/* End PBXProject section */

/* Begin PBXResourcesBuildPhase section */
		F2C4743D1CEEBD9E00C5DAE7 /* Resources */ = {
			isa = PBXResourcesBuildPhase;
			buildActionMask = 2147483647;
			files = (
				F2C4744D1CEEBD9E00C5DAE7 /* LaunchScreen.storyboard in Resources */,
				F2C4744A1CEEBD9E00C5DAE7 /* Assets.xcassets in Resources */,
				F2C474481CEEBD9E00C5DAE7 /* Main.storyboard in Resources */,
			);
			runOnlyForDeploymentPostprocessing = 0;
		};
/* End PBXResourcesBuildPhase section */

/* Begin PBXSourcesBuildPhase section */
		F2C4743B1CEEBD9E00C5DAE7 /* Sources */ = {
			isa = PBXSourcesBuildPhase;
			buildActionMask = 2147483647;
			files = (
				F2C474451CEEBD9E00C5DAE7 /* ViewController.swift in Sources */,
				F2C474431CEEBD9E00C5DAE7 /* AppDelegate.swift in Sources */,
			);
			runOnlyForDeploymentPostprocessing = 0;
		};
/* End PBXSourcesBuildPhase section */

/* Begin PBXVariantGroup section */
		F2C474461CEEBD9E00C5DAE7 /* Main.storyboard */ = {
			isa = PBXVariantGroup;
			children = (
				F2C474471CEEBD9E00C5DAE7 /* Base */,
			);
			name = Main.storyboard;
			sourceTree = "<group>";
		};
		F2C4744B1CEEBD9E00C5DAE7 /* LaunchScreen.storyboard */ = {
			isa = PBXVariantGroup;
			children = (
				F2C4744C1CEEBD9E00C5DAE7 /* Base */,
			);
			name = LaunchScreen.storyboard;
			sourceTree = "<group>";
		};
/* End PBXVariantGroup section */

/* Begin XCBuildConfiguration section */
		F2C4744F1CEEBD9E00C5DAE7 /* Debug */ = {
			isa = XCBuildConfiguration;
			buildSettings = {
				ALWAYS_SEARCH_USER_PATHS = NO;
				CLANG_ANALYZER_NONNULL = YES;
				CLANG_CXX_LANGUAGE_STANDARD = "gnu++0x";
				CLANG_CXX_LIBRARY = "libc++";
				CLANG_ENABLE_MODULES = YES;
				CLANG_ENABLE_OBJC_ARC = YES;
				CLANG_WARN_BOOL_CONVERSION = YES;
				CLANG_WARN_CONSTANT_CONVERSION = YES;
				CLANG_WARN_DIRECT_OBJC_ISA_USAGE = YES_ERROR;
				CLANG_WARN_EMPTY_BODY = YES;
				CLANG_WARN_ENUM_CONVERSION = YES;
				CLANG_WARN_INT_CONVERSION = YES;
				CLANG_WARN_OBJC_ROOT_CLASS = YES_ERROR;
				CLANG_WARN_UNREACHABLE_CODE = YES;
				CLANG_WARN__DUPLICATE_METHOD_MATCH = YES;
				"CODE_SIGN_IDENTITY[sdk=iphoneos*]" = "iPhone Developer";
				COPY_PHASE_STRIP = NO;
				DEBUG_INFORMATION_FORMAT = dwarf;
				ENABLE_STRICT_OBJC_MSGSEND = YES;
				ENABLE_TESTABILITY = YES;
				GCC_C_LANGUAGE_STANDARD = gnu99;
				GCC_DYNAMIC_NO_PIC = NO;
				GCC_NO_COMMON_BLOCKS = YES;
				GCC_OPTIMIZATION_LEVEL = 0;
				GCC_PREPROCESSOR_DEFINITIONS = (
					"DEBUG=1",
					"$(inherited)",
				);
				GCC_WARN_64_TO_32_BIT_CONVERSION = YES;
				GCC_WARN_ABOUT_RETURN_TYPE = YES_ERROR;
				GCC_WARN_UNDECLARED_SELECTOR = YES;
				GCC_WARN_UNINITIALIZED_AUTOS = YES_AGGRESSIVE;
				GCC_WARN_UNUSED_FUNCTION = YES;
				GCC_WARN_UNUSED_VARIABLE = YES;
				IPHONEOS_DEPLOYMENT_TARGET = 9.3;
				MTL_ENABLE_DEBUG_INFO = YES;
				ONLY_ACTIVE_ARCH = YES;
				SDKROOT = iphoneos;
				SWIFT_OPTIMIZATION_LEVEL = "-Onone";
			};
			name = Debug;
		};
		F2C474501CEEBD9E00C5DAE7 /* Release */ = {
			isa = XCBuildConfiguration;
			buildSettings = {
				ALWAYS_SEARCH_USER_PATHS = NO;
				CLANG_ANALYZER_NONNULL = YES;
				CLANG_CXX_LANGUAGE_STANDARD = "gnu++0x";
				CLANG_CXX_LIBRARY = "libc++";
				CLANG_ENABLE_MODULES = YES;
				CLANG_ENABLE_OBJC_ARC = YES;
				CLANG_WARN_BOOL_CONVERSION = YES;
				CLANG_WARN_CONSTANT_CONVERSION = YES;
				CLANG_WARN_DIRECT_OBJC_ISA_USAGE = YES_ERROR;
				CLANG_WARN_EMPTY_BODY = YES;
				CLANG_WARN_ENUM_CONVERSION = YES;
				CLANG_WARN_INT_CONVERSION = YES;
				CLANG_WARN_OBJC_ROOT_CLASS = YES_ERROR;
				CLANG_WARN_UNREACHABLE_CODE = YES;
				CLANG_WARN__DUPLICATE_METHOD_MATCH = YES;
				"CODE_SIGN_IDENTITY[sdk=iphoneos*]" = "iPhone Developer";
				COPY_PHASE_STRIP = NO;
				DEBUG_INFORMATION_FORMAT = "dwarf-with-dsym";
				ENABLE_NS_ASSERTIONS = NO;
				ENABLE_STRICT_OBJC_MSGSEND = YES;
				GCC_C_LANGUAGE_STANDARD = gnu99;
				GCC_NO_COMMON_BLOCKS = YES;
				GCC_WARN_64_TO_32_BIT_CONVERSION = YES;
				GCC_WARN_ABOUT_RETURN_TYPE = YES_ERROR;
				GCC_WARN_UNDECLARED_SELECTOR = YES;
				GCC_WARN_UNINITIALIZED_AUTOS = YES_AGGRESSIVE;
				GCC_WARN_UNUSED_FUNCTION = YES;
				GCC_WARN_UNUSED_VARIABLE = YES;
				IPHONEOS_DEPLOYMENT_TARGET = 9.3;
				MTL_ENABLE_DEBUG_INFO = NO;
				SDKROOT = iphoneos;
				VALIDATE_PRODUCT = YES;
			};
			name = Release;
		};
		F2C474521CEEBD9E00C5DAE7 /* Debug */ = {
			isa = XCBuildConfiguration;
			buildSettings = {
				ASSETCATALOG_COMPILER_APPICON_NAME = AppIcon;
				INFOPLIST_FILE = ClienteOpenLibrary/Info.plist;
				LD_RUNPATH_SEARCH_PATHS = "$(inherited) @executable_path/Frameworks";
				PRODUCT_BUNDLE_IDENTIFIER = com.hackitjunior.ClienteOpenLibrary;
				PRODUCT_NAME = "$(TARGET_NAME)";
			};
			name = Debug;
		};
		F2C474531CEEBD9E00C5DAE7 /* Release */ = {
			isa = XCBuildConfiguration;
			buildSettings = {
				ASSETCATALOG_COMPILER_APPICON_NAME = AppIcon;
				INFOPLIST_FILE = ClienteOpenLibrary/Info.plist;
				LD_RUNPATH_SEARCH_PATHS = "$(inherited) @executable_path/Frameworks";
				PRODUCT_BUNDLE_IDENTIFIER = com.hackitjunior.ClienteOpenLibrary;
				PRODUCT_NAME = "$(TARGET_NAME)";
			};
			name = Release;
		};
/* End XCBuildConfiguration section */

/* Begin XCConfigurationList section */
		F2C4743A1CEEBD9E00C5DAE7 /* Build configuration list for PBXProject "ClienteOpenLibrary" */ = {
			isa = XCConfigurationList;
			buildConfigurations = (
				F2C4744F1CEEBD9E00C5DAE7 /* Debug */,
				F2C474501CEEBD9E00C5DAE7 /* Release */,
			);
			defaultConfigurationIsVisible = 0;
			defaultConfigurationName = Release;
		};
		F2C474511CEEBD9E00C5DAE7 /* Build configuration list for PBXNativeTarget "ClienteOpenLibrary" */ = {
			isa = XCConfigurationList;
			buildConfigurations = (
				F2C474521CEEBD9E00C5DAE7 /* Debug */,
				F2C474531CEEBD9E00C5DAE7 /* Release */,
			);
			defaultConfigurationIsVisible = 0;
		};
/* End XCConfigurationList section */
	};
	rootObject = F2C474371CEEBD9E00C5DAE7 /* Project object */;
}
